github.com/Shopify/go-lua v0.0.0-20250718183320-1e37f32ad7d0 h1:oGlw/+ndlFMn8KWLjEX5nULcDwOC4tJy3Kk1Pm84Cys=
github.com/Shopify/go-lua v0.0.0-20250718183320-1e37f32ad7d0/go.mod h1:M4CxjVc/1Nwka5atBv7G/sb7Ac2BDe3+FxbiT9iVNIQ=
github.com/yuin/gopher-lua v1.1.2 h1:yF/FjE3hD65tBbt0VXLE13HWS9h34fdzJmrWRXwobGA=
github.com/yuin/gopher-lua v1.1.2/go.mod h1:7aRmXIWl37SqRf0koeyylBEzJ+aPt8A+mmkQ4f1ntR8=
